
Microsoft Visual Studio Solution File, Format Version 12.00
# Visual Studio Version 17
VisualStudioVersion = 17.7.34221.43
MinimumVisualStudioVersion = 10.0.40219.1
Project("{FAE04EC0-301F-11D3-BF4B-00C04F79EFBC}") = "LinkedLists", "LinkedLists\LinkedLists.csproj", "{C7F8B909-10CE-48A2-8353-53FFA9FF78D3}"
EndProject
Global
	GlobalSection(SolutionConfigurationPlatforms) = preSolution
		Debug|Any CPU = Debug|Any CPU
		Release|Any CPU = Release|Any CPU
	EndGlobalSection
	GlobalSection(ProjectConfigurationPlatforms) = postSolution
		{C7F8B909-10CE-48A2-8353-53FFA9FF78D3}.Debug|Any CPU.ActiveCfg = Debug|Any CPU
		{C7F8B909-10CE-48A2-8353-53FFA9FF78D3}.Debug|Any CPU.Build.0 = Debug|Any CPU
		{C7F8B909-10CE-48A2-8353-53FFA9FF78D3}.Release|Any CPU.ActiveCfg = Release|Any CPU
		{C7F8B909-10CE-48A2-8353-53FFA9FF78D3}.Release|Any CPU.Build.0 = Release|Any CPU
	EndGlobalSection
	GlobalSection(SolutionProperties) = preSolution
		HideSolutionNode = FALSE
	EndGlobalSection
	GlobalSection(ExtensibilityGlobals) = postSolution
		SolutionGuid = {55B10F4F-D8B9-4DF8-B662-EEC860F05F7F}
	EndGlobalSection
EndGlobal
